
Microsoft Visual Studio Solution File, Format Version 12.00
# Visual Studio 14
VisualStudioVersion = 14.0.24720.0
MinimumVisualStudioVersion = 10.0.40219.1
Project("{FAE04EC0-301F-11D3-BF4B-00C04F79EFBC}") = "dix-nez-lande", "dix-nez-lande\dix-nez-lande.csproj", "{799A70DB-2D2E-41D5-8734-70EBB24D402C}"
EndProject
Project("{F088123C-0E9E-452A-89E6-6BA2F21D5CAC}") = "Diagramme_de_sequences", "..\models\models\Diagramme_de_sequences.modelproj", "{D41EE59A-CC10-444F-9DE7-F899F7E4BEC6}"
EndProject
Project("{8BC9CEB8-8B4A-11D0-8D11-00A0C91BC942}") = "libCPP", "libCPP\libCPPP.vcxproj", "{81E670FE-8518-4C71-B28D-D3D6AC90C790}"
EndProject
Project("{FAE04EC0-301F-11D3-BF4B-00C04F79EFBC}") = "UI", "UI\UI.csproj", "{F9FC4363-7AB9-4332-A4C5-CA6B16F6D773}"
EndProject
Project("{FAE04EC0-301F-11D3-BF4B-00C04F79EFBC}") = "desTests", "desTests\desTests.csproj", "{97127073-A9A4-4F75-B5F7-CE80FE22F21F}"
	ProjectSection(ProjectDependencies) = postProject
		{799A70DB-2D2E-41D5-8734-70EBB24D402C} = {799A70DB-2D2E-41D5-8734-70EBB24D402C}
	EndProjectSection
EndProject
Global
	GlobalSection(SolutionConfigurationPlatforms) = preSolution
		Debug|Any CPU = Debug|Any CPU
		Debug|Mixed Platforms = Debug|Mixed Platforms
		Debug|Win32 = Debug|Win32
		Release|Any CPU = Release|Any CPU
		Release|Mixed Platforms = Release|Mixed Platforms
		Release|Win32 = Release|Win32
	EndGlobalSection
	GlobalSection(ProjectConfigurationPlatforms) = postSolution
		{799A70DB-2D2E-41D5-8734-70EBB24D402C}.Debug|Any CPU.ActiveCfg = Debug|Any CPU
		{799A70DB-2D2E-41D5-8734-70EBB24D402C}.Debug|Any CPU.Build.0 = Debug|Any CPU
		{799A70DB-2D2E-41D5-8734-70EBB24D402C}.Debug|Mixed Platforms.ActiveCfg = Debug|Any CPU
		{799A70DB-2D2E-41D5-8734-70EBB24D402C}.Debug|Mixed Platforms.Build.0 = Debug|Any CPU
		{799A70DB-2D2E-41D5-8734-70EBB24D402C}.Debug|Win32.ActiveCfg = Debug|Any CPU
		{799A70DB-2D2E-41D5-8734-70EBB24D402C}.Release|Any CPU.ActiveCfg = Release|Any CPU
		{799A70DB-2D2E-41D5-8734-70EBB24D402C}.Release|Any CPU.Build.0 = Release|Any CPU
		{799A70DB-2D2E-41D5-8734-70EBB24D402C}.Release|Mixed Platforms.ActiveCfg = Release|Any CPU
		{799A70DB-2D2E-41D5-8734-70EBB24D402C}.Release|Mixed Platforms.Build.0 = Release|Any CPU
		{799A70DB-2D2E-41D5-8734-70EBB24D402C}.Release|Win32.ActiveCfg = Release|Any CPU
		{D41EE59A-CC10-444F-9DE7-F899F7E4BEC6}.Debug|Any CPU.ActiveCfg = Debug|Any CPU
		{D41EE59A-CC10-444F-9DE7-F899F7E4BEC6}.Debug|Any CPU.Build.0 = Debug|Any CPU
		{D41EE59A-CC10-444F-9DE7-F899F7E4BEC6}.Debug|Mixed Platforms.ActiveCfg = Debug|Any CPU
		{D41EE59A-CC10-444F-9DE7-F899F7E4BEC6}.Debug|Mixed Platforms.Build.0 = Debug|Any CPU
		{D41EE59A-CC10-444F-9DE7-F899F7E4BEC6}.Debug|Win32.ActiveCfg = Debug|Any CPU
		{D41EE59A-CC10-444F-9DE7-F899F7E4BEC6}.Release|Any CPU.ActiveCfg = Release|Any CPU
		{D41EE59A-CC10-444F-9DE7-F899F7E4BEC6}.Release|Any CPU.Build.0 = Release|Any CPU
		{D41EE59A-CC10-444F-9DE7-F899F7E4BEC6}.Release|Mixed Platforms.ActiveCfg = Release|Any CPU
		{D41EE59A-CC10-444F-9DE7-F899F7E4BEC6}.Release|Mixed Platforms.Build.0 = Release|Any CPU
		{D41EE59A-CC10-444F-9DE7-F899F7E4BEC6}.Release|Win32.ActiveCfg = Release|Any CPU
		{81E670FE-8518-4C71-B28D-D3D6AC90C790}.Debug|Any CPU.ActiveCfg = Debug|Win32
		{81E670FE-8518-4C71-B28D-D3D6AC90C790}.Debug|Mixed Platforms.ActiveCfg = Debug|Win32
		{81E670FE-8518-4C71-B28D-D3D6AC90C790}.Debug|Mixed Platforms.Build.0 = Debug|Win32
		{81E670FE-8518-4C71-B28D-D3D6AC90C790}.Debug|Win32.ActiveCfg = Debug|Win32
		{81E670FE-8518-4C71-B28D-D3D6AC90C790}.Debug|Win32.Build.0 = Debug|Win32
		{81E670FE-8518-4C71-B28D-D3D6AC90C790}.Release|Any CPU.ActiveCfg = Release|Win32
		{81E670FE-8518-4C71-B28D-D3D6AC90C790}.Release|Mixed Platforms.ActiveCfg = Release|Win32
		{81E670FE-8518-4C71-B28D-D3D6AC90C790}.Release|Mixed Platforms.Build.0 = Release|Win32
		{81E670FE-8518-4C71-B28D-D3D6AC90C790}.Release|Win32.ActiveCfg = Release|Win32
		{81E670FE-8518-4C71-B28D-D3D6AC90C790}.Release|Win32.Build.0 = Release|Win32
		{F9FC4363-7AB9-4332-A4C5-CA6B16F6D773}.Debug|Any CPU.ActiveCfg = Debug|Any CPU
		{F9FC4363-7AB9-4332-A4C5-CA6B16F6D773}.Debug|Any CPU.Build.0 = Debug|Any CPU
		{F9FC4363-7AB9-4332-A4C5-CA6B16F6D773}.Debug|Mixed Platforms.ActiveCfg = Debug|Any CPU
		{F9FC4363-7AB9-4332-A4C5-CA6B16F6D773}.Debug|Mixed Platforms.Build.0 = Debug|Any CPU
		{F9FC4363-7AB9-4332-A4C5-CA6B16F6D773}.Debug|Win32.ActiveCfg = Debug|Any CPU
		{F9FC4363-7AB9-4332-A4C5-CA6B16F6D773}.Debug|Win32.Build.0 = Debug|Any CPU
		{F9FC4363-7AB9-4332-A4C5-CA6B16F6D773}.Release|Any CPU.ActiveCfg = Release|Any CPU
		{F9FC4363-7AB9-4332-A4C5-CA6B16F6D773}.Release|Any CPU.Build.0 = Release|Any CPU
		{F9FC4363-7AB9-4332-A4C5-CA6B16F6D773}.Release|Mixed Platforms.ActiveCfg = Release|Any CPU
		{F9FC4363-7AB9-4332-A4C5-CA6B16F6D773}.Release|Mixed Platforms.Build.0 = Release|Any CPU
		{F9FC4363-7AB9-4332-A4C5-CA6B16F6D773}.Release|Win32.ActiveCfg = Release|Any CPU
		{F9FC4363-7AB9-4332-A4C5-CA6B16F6D773}.Release|Win32.Build.0 = Release|Any CPU
		{97127073-A9A4-4F75-B5F7-CE80FE22F21F}.Debug|Any CPU.ActiveCfg = Debug|Any CPU
		{97127073-A9A4-4F75-B5F7-CE80FE22F21F}.Debug|Any CPU.Build.0 = Debug|Any CPU
		{97127073-A9A4-4F75-B5F7-CE80FE22F21F}.Debug|Mixed Platforms.ActiveCfg = Debug|Any CPU
		{97127073-A9A4-4F75-B5F7-CE80FE22F21F}.Debug|Mixed Platforms.Build.0 = Debug|Any CPU
		{97127073-A9A4-4F75-B5F7-CE80FE22F21F}.Debug|Win32.ActiveCfg = Debug|Any CPU
		{97127073-A9A4-4F75-B5F7-CE80FE22F21F}.Debug|Win32.Build.0 = Debug|Any CPU
		{97127073-A9A4-4F75-B5F7-CE80FE22F21F}.Release|Any CPU.ActiveCfg = Release|Any CPU
		{97127073-A9A4-4F75-B5F7-CE80FE22F21F}.Release|Any CPU.Build.0 = Release|Any CPU
		{97127073-A9A4-4F75-B5F7-CE80FE22F21F}.Release|Mixed Platforms.ActiveCfg = Release|Any CPU
		{97127073-A9A4-4F75-B5F7-CE80FE22F21F}.Release|Mixed Platforms.Build.0 = Release|Any CPU
		{97127073-A9A4-4F75-B5F7-CE80FE22F21F}.Release|Win32.ActiveCfg = Release|Any CPU
		{97127073-A9A4-4F75-B5F7-CE80FE22F21F}.Release|Win32.Build.0 = Release|Any CPU
	EndGlobalSection
	GlobalSection(SolutionProperties) = preSolution
		HideSolutionNode = FALSE
	EndGlobalSection
EndGlobal
